
Microsoft Visual Studio Solution File, Format Version 12.00
# Visual Studio Version 16
VisualStudioVersion = 16.0.31005.135
MinimumVisualStudioVersion = 10.0.40219.1
Project("{8BC9CEB8-8B4A-11D0-8D11-00A0C91BC942}") = "Laba3_Nasty", "Laba3_Nasty.vcxproj", "{DA1538C0-6EEE-4B63-91F1-E52984FAFAF1}"
EndProject
Global
	GlobalSection(SolutionConfigurationPlatforms) = preSolution
		Debug|x64 = Debug|x64
		Debug|x86 = Debug|x86
		Release|x64 = Release|x64
		Release|x86 = Release|x86
	EndGlobalSection
	GlobalSection(ProjectConfigurationPlatforms) = postSolution
		{DA1538C0-6EEE-4B63-91F1-E52984FAFAF1}.Debug|x64.ActiveCfg = Debug|x64
		{DA1538C0-6EEE-4B63-91F1-E52984FAFAF1}.Debug|x64.Build.0 = Debug|x64
		{DA1538C0-6EEE-4B63-91F1-E52984FAFAF1}.Debug|x86.ActiveCfg = Debug|Win32
		{DA1538C0-6EEE-4B63-91F1-E52984FAFAF1}.Debug|x86.Build.0 = Debug|Win32
		{DA1538C0-6EEE-4B63-91F1-E52984FAFAF1}.Release|x64.ActiveCfg = Release|x64
		{DA1538C0-6EEE-4B63-91F1-E52984FAFAF1}.Release|x64.Build.0 = Release|x64
		{DA1538C0-6EEE-4B63-91F1-E52984FAFAF1}.Release|x86.ActiveCfg = Release|Win32
		{DA1538C0-6EEE-4B63-91F1-E52984FAFAF1}.Release|x86.Build.0 = Release|Win32
	EndGlobalSection
	GlobalSection(SolutionProperties) = preSolution
		HideSolutionNode = FALSE
	EndGlobalSection
	GlobalSection(ExtensibilityGlobals) = postSolution
		SolutionGuid = {E31415BC-F017-4571-A9E4-EE80CFEDA81B}
	EndGlobalSection
EndGlobal
